// !$*UTF8*$!
{
	archiveVersion = 1;
	classes = {
	};
	objectVersion = 46;
	objects = {

/* Begin PBXBuildFile section */
		9319868A1EFCC07000370DB3 /* AppDelegate.swift in Sources */ = {isa = PBXBuildFile; fileRef = 931986891EFCC07000370DB3 /* AppDelegate.swift */; };
		9319868C1EFCC07000370DB3 /* ViewController.swift in Sources */ = {isa = PBXBuildFile; fileRef = 9319868B1EFCC07000370DB3 /* ViewController.swift */; };
		9319868F1EFCC07000370DB3 /* Main.storyboard in Resources */ = {isa = PBXBuildFile; fileRef = 9319868D1EFCC07000370DB3 /* Main.storyboard */; };
		931986911EFCC07000370DB3 /* Assets.xcassets in Resources */ = {isa = PBXBuildFile; fileRef = 931986901EFCC07000370DB3 /* Assets.xcassets */; };
		931986941EFCC07000370DB3 /* LaunchScreen.storyboard in Resources */ = {isa = PBXBuildFile; fileRef = 931986921EFCC07000370DB3 /* LaunchScreen.storyboard */; };
		9319869C1EFCC17100370DB3 /* logo.png in Resources */ = {isa = PBXBuildFile; fileRef = 9319869B1EFCC17100370DB3 /* logo.png */; };
		9319869E1EFCC90900370DB3 /* Gato.swift in Sources */ = {isa = PBXBuildFile; fileRef = 9319869D1EFCC90900370DB3 /* Gato.swift */; };
/* End PBXBuildFile section */

/* Begin PBXFileReference section */
		931986861EFCC07000370DB3 /* TicTacToe.app */ = {isa = PBXFileReference; explicitFileType = wrapper.application; includeInIndex = 0; path = TicTacToe.app; sourceTree = BUILT_PRODUCTS_DIR; };
		931986891EFCC07000370DB3 /* AppDelegate.swift */ = {isa = PBXFileReference; lastKnownFileType = sourcecode.swift; path = AppDelegate.swift; sourceTree = "<group>"; };
		9319868B1EFCC07000370DB3 /* ViewController.swift */ = {isa = PBXFileReference; lastKnownFileType = sourcecode.swift; path = ViewController.swift; sourceTree = "<group>"; };
		9319868E1EFCC07000370DB3 /* Base */ = {isa = PBXFileReference; lastKnownFileType = file.storyboard; name = Base; path = Base.lproj/Main.storyboard; sourceTree = "<group>"; };
		931986901EFCC07000370DB3 /* Assets.xcassets */ = {isa = PBXFileReference; lastKnownFileType = folder.assetcatalog; path = Assets.xcassets; sourceTree = "<group>"; };
		931986931EFCC07000370DB3 /* Base */ = {isa = PBXFileReference; lastKnownFileType = file.storyboard; name = Base; path = Base.lproj/LaunchScreen.storyboard; sourceTree = "<group>"; };
		931986951EFCC07000370DB3 /* Info.plist */ = {isa = PBXFileReference; lastKnownFileType = text.plist.xml; path = Info.plist; sourceTree = "<group>"; };
		9319869B1EFCC17100370DB3 /* logo.png */ = {isa = PBXFileReference; lastKnownFileType = image.png; path = logo.png; sourceTree = "<group>"; };
		9319869D1EFCC90900370DB3 /* Gato.swift */ = {isa = PBXFileReference; fileEncoding = 4; lastKnownFileType = sourcecode.swift; path = Gato.swift; sourceTree = "<group>"; };
/* End PBXFileReference section */

/* Begin PBXFrameworksBuildPhase section */
		931986831EFCC07000370DB3 /* Frameworks */ = {
			isa = PBXFrameworksBuildPhase;
			buildActionMask = 2147483647;
			files = (
			);
			runOnlyForDeploymentPostprocessing = 0;
		};
/* End PBXFrameworksBuildPhase section */

/* Begin PBXGroup section */
		9319867D1EFCC07000370DB3 = {
			isa = PBXGroup;
			children = (
				931986881EFCC07000370DB3 /* TicTacToe */,
				931986871EFCC07000370DB3 /* Products */,
			);
			sourceTree = "<group>";
		};
		931986871EFCC07000370DB3 /* Products */ = {
			isa = PBXGroup;
			children = (
				931986861EFCC07000370DB3 /* TicTacToe.app */,
			);
			name = Products;
			sourceTree = "<group>";
		};
		931986881EFCC07000370DB3 /* TicTacToe */ = {
			isa = PBXGroup;
			children = (
				931986891EFCC07000370DB3 /* AppDelegate.swift */,
				9319868B1EFCC07000370DB3 /* ViewController.swift */,
				9319869B1EFCC17100370DB3 /* logo.png */,
				9319868D1EFCC07000370DB3 /* Main.storyboard */,
				9319869D1EFCC90900370DB3 /* Gato.swift */,
				931986901EFCC07000370DB3 /* Assets.xcassets */,
				931986921EFCC07000370DB3 /* LaunchScreen.storyboard */,
				931986951EFCC07000370DB3 /* Info.plist */,
			);
			path = TicTacToe;
			sourceTree = "<group>";
		};
/* End PBXGroup section */

/* Begin PBXNativeTarget section */
		931986851EFCC07000370DB3 /* TicTacToe */ = {
			isa = PBXNativeTarget;
			buildConfigurationList = 931986981EFCC07000370DB3 /* Build configuration list for PBXNativeTarget "TicTacToe" */;
			buildPhases = (
				931986821EFCC07000370DB3 /* Sources */,
				931986831EFCC07000370DB3 /* Frameworks */,
				931986841EFCC07000370DB3 /* Resources */,
			);
			buildRules = (
			);
			dependencies = (
			);
			name = TicTacToe;
			productName = TicTacToe;
			productReference = 931986861EFCC07000370DB3 /* TicTacToe.app */;
			productType = "com.apple.product-type.application";
		};
/* End PBXNativeTarget section */

/* Begin PBXProject section */
		9319867E1EFCC07000370DB3 /* Project object */ = {
			isa = PBXProject;
			attributes = {
				LastSwiftUpdateCheck = 0830;
				LastUpgradeCheck = 0830;
				ORGANIZATIONNAME = "Jorge MR";
				TargetAttributes = {
					931986851EFCC07000370DB3 = {
						CreatedOnToolsVersion = 8.3.3;
						DevelopmentTeam = 66VY95JYD2;
						ProvisioningStyle = Automatic;
					};
				};
			};
			buildConfigurationList = 931986811EFCC07000370DB3 /* Build configuration list for PBXProject "TicTacToe" */;
			compatibilityVersion = "Xcode 3.2";
			developmentRegion = English;
			hasScannedForEncodings = 0;
			knownRegions = (
				en,
				Base,
			);
			mainGroup = 9319867D1EFCC07000370DB3;
			productRefGroup = 931986871EFCC07000370DB3 /* Products */;
			projectDirPath = "";
			projectRoot = "";
			targets = (
				931986851EFCC07000370DB3 /* TicTacToe */,
			);
		};
/* End PBXProject section */

/* Begin PBXResourcesBuildPhase section */
		931986841EFCC07000370DB3 /* Resources */ = {
			isa = PBXResourcesBuildPhase;
			buildActionMask = 2147483647;
			files = (
				931986941EFCC07000370DB3 /* LaunchScreen.storyboard in Resources */,
				9319869C1EFCC17100370DB3 /* logo.png in Resources */,
				931986911EFCC07000370DB3 /* Assets.xcassets in Resources */,
				9319868F1EFCC07000370DB3 /* Main.storyboard in Resources */,
			);
			runOnlyForDeploymentPostprocessing = 0;
		};
/* End PBXResourcesBuildPhase section */

/* Begin PBXSourcesBuildPhase section */
		931986821EFCC07000370DB3 /* Sources */ = {
			isa = PBXSourcesBuildPhase;
			buildActionMask = 2147483647;
			files = (
				9319868C1EFCC07000370DB3 /* ViewController.swift in Sources */,
				9319869E1EFCC90900370DB3 /* Gato.swift in Sources */,
				9319868A1EFCC07000370DB3 /* AppDelegate.swift in Sources */,
			);
			runOnlyForDeploymentPostprocessing = 0;
		};
/* End PBXSourcesBuildPhase section */

/* Begin PBXVariantGroup section */
		9319868D1EFCC07000370DB3 /* Main.storyboard */ = {
			isa = PBXVariantGroup;
			children = (
				9319868E1EFCC07000370DB3 /* Base */,
			);
			name = Main.storyboard;
			sourceTree = "<group>";
		};
		931986921EFCC07000370DB3 /* LaunchScreen.storyboard */ = {
			isa = PBXVariantGroup;
			children = (
				931986931EFCC07000370DB3 /* Base */,
			);
			name = LaunchScreen.storyboard;
			sourceTree = "<group>";
		};
/* End PBXVariantGroup section */

/* Begin XCBuildConfiguration section */
		931986961EFCC07000370DB3 /* Debug */ = {
			isa = XCBuildConfiguration;
			buildSettings = {
				ALWAYS_SEARCH_USER_PATHS = NO;
				CLANG_ANALYZER_NONNULL = YES;
				CLANG_ANALYZER_NUMBER_OBJECT_CONVERSION = YES_AGGRESSIVE;
				CLANG_CXX_LANGUAGE_STANDARD = "gnu++0x";
				CLANG_CXX_LIBRARY = "libc++";
				CLANG_ENABLE_MODULES = YES;
				CLANG_ENABLE_OBJC_ARC = YES;
				CLANG_WARN_BOOL_CONVERSION = YES;
				CLANG_WARN_CONSTANT_CONVERSION = YES;
				CLANG_WARN_DIRECT_OBJC_ISA_USAGE = YES_ERROR;
				CLANG_WARN_DOCUMENTATION_COMMENTS = YES;
				CLANG_WARN_EMPTY_BODY = YES;
				CLANG_WARN_ENUM_CONVERSION = YES;
				CLANG_WARN_INFINITE_RECURSION = YES;
				CLANG_WARN_INT_CONVERSION = YES;
				CLANG_WARN_OBJC_ROOT_CLASS = YES_ERROR;
				CLANG_WARN_SUSPICIOUS_MOVE = YES;
				CLANG_WARN_UNREACHABLE_CODE = YES;
				CLANG_WARN__DUPLICATE_METHOD_MATCH = YES;
				"CODE_SIGN_IDENTITY[sdk=iphoneos*]" = "iPhone Developer";
				COPY_PHASE_STRIP = NO;
				DEBUG_INFORMATION_FORMAT = dwarf;
				ENABLE_STRICT_OBJC_MSGSEND = YES;
				ENABLE_TESTABILITY = YES;
				GCC_C_LANGUAGE_STANDARD = gnu99;
				GCC_DYNAMIC_NO_PIC = NO;
				GCC_NO_COMMON_BLOCKS = YES;
				GCC_OPTIMIZATION_LEVEL = 0;
				GCC_PREPROCESSOR_DEFINITIONS = (
					"DEBUG=1",
					"$(inherited)",
				);
				GCC_WARN_64_TO_32_BIT_CONVERSION = YES;
				GCC_WARN_ABOUT_RETURN_TYPE = YES_ERROR;
				GCC_WARN_UNDECLARED_SELECTOR = YES;
				GCC_WARN_UNINITIALIZED_AUTOS = YES_AGGRESSIVE;
				GCC_WARN_UNUSED_FUNCTION = YES;
				GCC_WARN_UNUSED_VARIABLE = YES;
				IPHONEOS_DEPLOYMENT_TARGET = 10.3;
				MTL_ENABLE_DEBUG_INFO = YES;
				ONLY_ACTIVE_ARCH = YES;
				SDKROOT = iphoneos;
				SWIFT_ACTIVE_COMPILATION_CONDITIONS = DEBUG;
				SWIFT_OPTIMIZATION_LEVEL = "-Onone";
				TARGETED_DEVICE_FAMILY = "1,2";
			};
			name = Debug;
		};
		931986971EFCC07000370DB3 /* Release */ = {
			isa = XCBuildConfiguration;
			buildSettings = {
				ALWAYS_SEARCH_USER_PATHS = NO;
				CLANG_ANALYZER_NONNULL = YES;
				CLANG_ANALYZER_NUMBER_OBJECT_CONVERSION = YES_AGGRESSIVE;
				CLANG_CXX_LANGUAGE_STANDARD = "gnu++0x";
				CLANG_CXX_LIBRARY = "libc++";
				CLANG_ENABLE_MODULES = YES;
				CLANG_ENABLE_OBJC_ARC = YES;
				CLANG_WARN_BOOL_CONVERSION = YES;
				CLANG_WARN_CONSTANT_CONVERSION = YES;
				CLANG_WARN_DIRECT_OBJC_ISA_USAGE = YES_ERROR;
				CLANG_WARN_DOCUMENTATION_COMMENTS = YES;
				CLANG_WARN_EMPTY_BODY = YES;
				CLANG_WARN_ENUM_CONVERSION = YES;
				CLANG_WARN_INFINITE_RECURSION = YES;
				CLANG_WARN_INT_CONVERSION = YES;
				CLANG_WARN_OBJC_ROOT_CLASS = YES_ERROR;
				CLANG_WARN_SUSPICIOUS_MOVE = YES;
				CLANG_WARN_UNREACHABLE_CODE = YES;
				CLANG_WARN__DUPLICATE_METHOD_MATCH = YES;
				"CODE_SIGN_IDENTITY[sdk=iphoneos*]" = "iPhone Developer";
				COPY_PHASE_STRIP = NO;
				DEBUG_INFORMATION_FORMAT = "dwarf-with-dsym";
				ENABLE_NS_ASSERTIONS = NO;
				ENABLE_STRICT_OBJC_MSGSEND = YES;
				GCC_C_LANGUAGE_STANDARD = gnu99;
				GCC_NO_COMMON_BLOCKS = YES;
				GCC_WARN_64_TO_32_BIT_CONVERSION = YES;
				GCC_WARN_ABOUT_RETURN_TYPE = YES_ERROR;
				GCC_WARN_UNDECLARED_SELECTOR = YES;
				GCC_WARN_UNINITIALIZED_AUTOS = YES_AGGRESSIVE;
				GCC_WARN_UNUSED_FUNCTION = YES;
				GCC_WARN_UNUSED_VARIABLE = YES;
				IPHONEOS_DEPLOYMENT_TARGET = 10.3;
				MTL_ENABLE_DEBUG_INFO = NO;
				SDKROOT = iphoneos;
				SWIFT_OPTIMIZATION_LEVEL = "-Owholemodule";
				TARGETED_DEVICE_FAMILY = "1,2";
				VALIDATE_PRODUCT = YES;
			};
			name = Release;
		};
		931986991EFCC07000370DB3 /* Debug */ = {
			isa = XCBuildConfiguration;
			buildSettings = {
				ASSETCATALOG_COMPILER_APPICON_NAME = AppIcon;
				DEVELOPMENT_TEAM = 66VY95JYD2;
				INFOPLIST_FILE = TicTacToe/Info.plist;
				LD_RUNPATH_SEARCH_PATHS = "$(inherited) @executable_path/Frameworks";
				PRODUCT_BUNDLE_IDENTIFIER = "jorge-mr.TicTacToe";
				PRODUCT_NAME = "$(TARGET_NAME)";
				SWIFT_VERSION = 3.0;
			};
			name = Debug;
		};
		9319869A1EFCC07000370DB3 /* Release */ = {
			isa = XCBuildConfiguration;
			buildSettings = {
				ASSETCATALOG_COMPILER_APPICON_NAME = AppIcon;
				DEVELOPMENT_TEAM = 66VY95JYD2;
				INFOPLIST_FILE = TicTacToe/Info.plist;
				LD_RUNPATH_SEARCH_PATHS = "$(inherited) @executable_path/Frameworks";
				PRODUCT_BUNDLE_IDENTIFIER = "jorge-mr.TicTacToe";
				PRODUCT_NAME = "$(TARGET_NAME)";
				SWIFT_VERSION = 3.0;
			};
			name = Release;
		};
/* End XCBuildConfiguration section */

/* Begin XCConfigurationList section */
		931986811EFCC07000370DB3 /* Build configuration list for PBXProject "TicTacToe" */ = {
			isa = XCConfigurationList;
			buildConfigurations = (
				931986961EFCC07000370DB3 /* Debug */,
				931986971EFCC07000370DB3 /* Release */,
			);
			defaultConfigurationIsVisible = 0;
			defaultConfigurationName = Release;
		};
		931986981EFCC07000370DB3 /* Build configuration list for PBXNativeTarget "TicTacToe" */ = {
			isa = XCConfigurationList;
			buildConfigurations = (
				931986991EFCC07000370DB3 /* Debug */,
				9319869A1EFCC07000370DB3 /* Release */,
			);
			defaultConfigurationIsVisible = 0;
			defaultConfigurationName = Release;
		};
/* End XCConfigurationList section */
	};
	rootObject = 9319867E1EFCC07000370DB3 /* Project object */;
}
